// !$*UTF8*$!
{
	archiveVersion = 1;
	classes = {
	};
	objectVersion = 50;
	objects = {

/* Begin PBXBuildFile section */
		12300A462710CFF5007EC5AC /* Clock.swift in Sources */ = {isa = PBXBuildFile; fileRef = 12300A452710CFF5007EC5AC /* Clock.swift */; };
		12EBB2FF270DE4320009579C /* OqloqApp.swift in Sources */ = {isa = PBXBuildFile; fileRef = 12EBB2FE270DE4320009579C /* OqloqApp.swift */; };
		12EBB301270DE4320009579C /* ContentView.swift in Sources */ = {isa = PBXBuildFile; fileRef = 12EBB300270DE4320009579C /* ContentView.swift */; };
		12EBB303270DE4330009579C /* Assets.xcassets in Resources */ = {isa = PBXBuildFile; fileRef = 12EBB302270DE4330009579C /* Assets.xcassets */; };
		12EBB306270DE4330009579C /* Preview Assets.xcassets in Resources */ = {isa = PBXBuildFile; fileRef = 12EBB305270DE4330009579C /* Preview Assets.xcassets */; };
		12FE8CE5271EE6430050054D /* Hanger.swift in Sources */ = {isa = PBXBuildFile; fileRef = 12FE8CE4271EE6430050054D /* Hanger.swift */; };
		12FE8CE7271FFA490050054D /* ClockEngine.swift in Sources */ = {isa = PBXBuildFile; fileRef = 12FE8CE6271FFA490050054D /* ClockEngine.swift */; };
		12FE8CEB271FFCC20050054D /* OqloqEngine.swift in Sources */ = {isa = PBXBuildFile; fileRef = 12FE8CEA271FFCC20050054D /* OqloqEngine.swift */; };
/* End PBXBuildFile section */

/* Begin PBXFileReference section */
		12300A452710CFF5007EC5AC /* Clock.swift */ = {isa = PBXFileReference; lastKnownFileType = sourcecode.swift; path = Clock.swift; sourceTree = "<group>"; };
		12EBB2FB270DE4320009579C /* Oqloq.app */ = {isa = PBXFileReference; explicitFileType = wrapper.application; includeInIndex = 0; path = Oqloq.app; sourceTree = BUILT_PRODUCTS_DIR; };
		12EBB2FE270DE4320009579C /* OqloqApp.swift */ = {isa = PBXFileReference; lastKnownFileType = sourcecode.swift; path = OqloqApp.swift; sourceTree = "<group>"; };
		12EBB300270DE4320009579C /* ContentView.swift */ = {isa = PBXFileReference; lastKnownFileType = sourcecode.swift; path = ContentView.swift; sourceTree = "<group>"; };
		12EBB302270DE4330009579C /* Assets.xcassets */ = {isa = PBXFileReference; lastKnownFileType = folder.assetcatalog; path = Assets.xcassets; sourceTree = "<group>"; };
		12EBB305270DE4330009579C /* Preview Assets.xcassets */ = {isa = PBXFileReference; lastKnownFileType = folder.assetcatalog; path = "Preview Assets.xcassets"; sourceTree = "<group>"; };
		12EBB307270DE4330009579C /* Info.plist */ = {isa = PBXFileReference; lastKnownFileType = text.plist.xml; path = Info.plist; sourceTree = "<group>"; };
		12EBB30E270DF1640009579C /* Alata-Regular.ttf */ = {isa = PBXFileReference; lastKnownFileType = file; path = "Alata-Regular.ttf"; sourceTree = "<group>"; };
		12FE8CE4271EE6430050054D /* Hanger.swift */ = {isa = PBXFileReference; lastKnownFileType = sourcecode.swift; path = Hanger.swift; sourceTree = "<group>"; };
		12FE8CE6271FFA490050054D /* ClockEngine.swift */ = {isa = PBXFileReference; lastKnownFileType = sourcecode.swift; path = ClockEngine.swift; sourceTree = "<group>"; };
		12FE8CEA271FFCC20050054D /* OqloqEngine.swift */ = {isa = PBXFileReference; lastKnownFileType = sourcecode.swift; path = OqloqEngine.swift; sourceTree = "<group>"; };
/* End PBXFileReference section */

/* Begin PBXFrameworksBuildPhase section */
		12EBB2F8270DE4320009579C /* Frameworks */ = {
			isa = PBXFrameworksBuildPhase;
			buildActionMask = 2147483647;
			files = (
			);
			runOnlyForDeploymentPostprocessing = 0;
		};
/* End PBXFrameworksBuildPhase section */

/* Begin PBXGroup section */
		125799A82720441600427CB8 /* Shapes */ = {
			isa = PBXGroup;
			children = (
				12300A452710CFF5007EC5AC /* Clock.swift */,
				12FE8CE4271EE6430050054D /* Hanger.swift */,
			);
			path = Shapes;
			sourceTree = "<group>";
		};
		12EBB2F2270DE4320009579C = {
			isa = PBXGroup;
			children = (
				12EBB2FD270DE4320009579C /* Oqloq */,
				12EBB2FC270DE4320009579C /* Products */,
			);
			sourceTree = "<group>";
		};
		12EBB2FC270DE4320009579C /* Products */ = {
			isa = PBXGroup;
			children = (
				12EBB2FB270DE4320009579C /* Oqloq.app */,
			);
			name = Products;
			sourceTree = "<group>";
		};
		12EBB2FD270DE4320009579C /* Oqloq */ = {
			isa = PBXGroup;
			children = (
				12EBB2FE270DE4320009579C /* OqloqApp.swift */,
				12FE8CE9271FFC900050054D /* Model */,
				12FE8CEC271FFCE40050054D /* ViewModel */,
				12FE8CE8271FFC890050054D /* View */,
				125799A82720441600427CB8 /* Shapes */,
				12EBB302270DE4330009579C /* Assets.xcassets */,
				12EBB307270DE4330009579C /* Info.plist */,
				12EBB30F270DF1640009579C /* Alata */,
				12EBB304270DE4330009579C /* Preview Content */,
			);
			path = Oqloq;
			sourceTree = "<group>";
		};
		12EBB304270DE4330009579C /* Preview Content */ = {
			isa = PBXGroup;
			children = (
				12EBB305270DE4330009579C /* Preview Assets.xcassets */,
			);
			path = "Preview Content";
			sourceTree = "<group>";
		};
		12EBB30F270DF1640009579C /* Alata */ = {
			isa = PBXGroup;
			children = (
				12EBB30E270DF1640009579C /* Alata-Regular.ttf */,
			);
			name = Alata;
			path = /Users/fatihsaglam/Desktop/swiftUI/Oqloq/Oqloq/Alata;
			sourceTree = "<absolute>";
		};
		12FE8CE8271FFC890050054D /* View */ = {
			isa = PBXGroup;
			children = (
				12EBB300270DE4320009579C /* ContentView.swift */,
			);
			path = View;
			sourceTree = "<group>";
		};
		12FE8CE9271FFC900050054D /* Model */ = {
			isa = PBXGroup;
			children = (
				12FE8CE6271FFA490050054D /* ClockEngine.swift */,
			);
			path = Model;
			sourceTree = "<group>";
		};
		12FE8CEC271FFCE40050054D /* ViewModel */ = {
			isa = PBXGroup;
			children = (
				12FE8CEA271FFCC20050054D /* OqloqEngine.swift */,
			);
			path = ViewModel;
			sourceTree = "<group>";
		};
/* End PBXGroup section */

/* Begin PBXNativeTarget section */
		12EBB2FA270DE4320009579C /* Oqloq */ = {
			isa = PBXNativeTarget;
			buildConfigurationList = 12EBB30A270DE4330009579C /* Build configuration list for PBXNativeTarget "Oqloq" */;
			buildPhases = (
				12EBB2F7270DE4320009579C /* Sources */,
				12EBB2F8270DE4320009579C /* Frameworks */,
				12EBB2F9270DE4320009579C /* Resources */,
			);
			buildRules = (
			);
			dependencies = (
			);
			name = Oqloq;
			productName = Oqloq;
			productReference = 12EBB2FB270DE4320009579C /* Oqloq.app */;
			productType = "com.apple.product-type.application";
		};
/* End PBXNativeTarget section */

/* Begin PBXProject section */
		12EBB2F3270DE4320009579C /* Project object */ = {
			isa = PBXProject;
			attributes = {
				LastSwiftUpdateCheck = 1250;
				LastUpgradeCheck = 1250;
				TargetAttributes = {
					12EBB2FA270DE4320009579C = {
						CreatedOnToolsVersion = 12.5.1;
					};
				};
			};
			buildConfigurationList = 12EBB2F6270DE4320009579C /* Build configuration list for PBXProject "Oqloq" */;
			compatibilityVersion = "Xcode 9.3";
			developmentRegion = en;
			hasScannedForEncodings = 0;
			knownRegions = (
				en,
				Base,
			);
			mainGroup = 12EBB2F2270DE4320009579C;
			productRefGroup = 12EBB2FC270DE4320009579C /* Products */;
			projectDirPath = "";
			projectRoot = "";
			targets = (
				12EBB2FA270DE4320009579C /* Oqloq */,
			);
		};
/* End PBXProject section */

/* Begin PBXResourcesBuildPhase section */
		12EBB2F9270DE4320009579C /* Resources */ = {
			isa = PBXResourcesBuildPhase;
			buildActionMask = 2147483647;
			files = (
				12EBB306270DE4330009579C /* Preview Assets.xcassets in Resources */,
				12EBB303270DE4330009579C /* Assets.xcassets in Resources */,
			);
			runOnlyForDeploymentPostprocessing = 0;
		};
/* End PBXResourcesBuildPhase section */

/* Begin PBXSourcesBuildPhase section */
		12EBB2F7270DE4320009579C /* Sources */ = {
			isa = PBXSourcesBuildPhase;
			buildActionMask = 2147483647;
			files = (
				12FE8CE7271FFA490050054D /* ClockEngine.swift in Sources */,
				12FE8CE5271EE6430050054D /* Hanger.swift in Sources */,
				12FE8CEB271FFCC20050054D /* OqloqEngine.swift in Sources */,
				12300A462710CFF5007EC5AC /* Clock.swift in Sources */,
				12EBB301270DE4320009579C /* ContentView.swift in Sources */,
				12EBB2FF270DE4320009579C /* OqloqApp.swift in Sources */,
			);
			runOnlyForDeploymentPostprocessing = 0;
		};
/* End PBXSourcesBuildPhase section */

/* Begin XCBuildConfiguration section */
		12EBB308270DE4330009579C /* Debug */ = {
			isa = XCBuildConfiguration;
			buildSettings = {
				ALWAYS_SEARCH_USER_PATHS = NO;
				CLANG_ANALYZER_NONNULL = YES;
				CLANG_ANALYZER_NUMBER_OBJECT_CONVERSION = YES_AGGRESSIVE;
				CLANG_CXX_LANGUAGE_STANDARD = "gnu++14";
				CLANG_CXX_LIBRARY = "libc++";
				CLANG_ENABLE_MODULES = YES;
				CLANG_ENABLE_OBJC_ARC = YES;
				CLANG_ENABLE_OBJC_WEAK = YES;
				CLANG_WARN_BLOCK_CAPTURE_AUTORELEASING = YES;
				CLANG_WARN_BOOL_CONVERSION = YES;
				CLANG_WARN_COMMA = YES;
				CLANG_WARN_CONSTANT_CONVERSION = YES;
				CLANG_WARN_DEPRECATED_OBJC_IMPLEMENTATIONS = YES;
				CLANG_WARN_DIRECT_OBJC_ISA_USAGE = YES_ERROR;
				CLANG_WARN_DOCUMENTATION_COMMENTS = YES;
				CLANG_WARN_EMPTY_BODY = YES;
				CLANG_WARN_ENUM_CONVERSION = YES;
				CLANG_WARN_INFINITE_RECURSION = YES;
				CLANG_WARN_INT_CONVERSION = YES;
				CLANG_WARN_NON_LITERAL_NULL_CONVERSION = YES;
				CLANG_WARN_OBJC_IMPLICIT_RETAIN_SELF = YES;
				CLANG_WARN_OBJC_LITERAL_CONVERSION = YES;
				CLANG_WARN_OBJC_ROOT_CLASS = YES_ERROR;
				CLANG_WARN_QUOTED_INCLUDE_IN_FRAMEWORK_HEADER = YES;
				CLANG_WARN_RANGE_LOOP_ANALYSIS = YES;
				CLANG_WARN_STRICT_PROTOTYPES = YES;
				CLANG_WARN_SUSPICIOUS_MOVE = YES;
				CLANG_WARN_UNGUARDED_AVAILABILITY = YES_AGGRESSIVE;
				CLANG_WARN_UNREACHABLE_CODE = YES;
				CLANG_WARN__DUPLICATE_METHOD_MATCH = YES;
				COPY_PHASE_STRIP = NO;
				DEBUG_INFORMATION_FORMAT = dwarf;
				ENABLE_STRICT_OBJC_MSGSEND = YES;
				ENABLE_TESTABILITY = YES;
				GCC_C_LANGUAGE_STANDARD = gnu11;
				GCC_DYNAMIC_NO_PIC = NO;
				GCC_NO_COMMON_BLOCKS = YES;
				GCC_OPTIMIZATION_LEVEL = 0;
				GCC_PREPROCESSOR_DEFINITIONS = (
					"DEBUG=1",
					"$(inherited)",
				);
				GCC_WARN_64_TO_32_BIT_CONVERSION = YES;
				GCC_WARN_ABOUT_RETURN_TYPE = YES_ERROR;
				GCC_WARN_UNDECLARED_SELECTOR = YES;
				GCC_WARN_UNINITIALIZED_AUTOS = YES_AGGRESSIVE;
				GCC_WARN_UNUSED_FUNCTION = YES;
				GCC_WARN_UNUSED_VARIABLE = YES;
				IPHONEOS_DEPLOYMENT_TARGET = 14.5;
				MTL_ENABLE_DEBUG_INFO = INCLUDE_SOURCE;
				MTL_FAST_MATH = YES;
				ONLY_ACTIVE_ARCH = YES;
				SDKROOT = iphoneos;
				SWIFT_ACTIVE_COMPILATION_CONDITIONS = DEBUG;
				SWIFT_OPTIMIZATION_LEVEL = "-Onone";
			};
			name = Debug;
		};
		12EBB309270DE4330009579C /* Release */ = {
			isa = XCBuildConfiguration;
			buildSettings = {
				ALWAYS_SEARCH_USER_PATHS = NO;
				CLANG_ANALYZER_NONNULL = YES;
				CLANG_ANALYZER_NUMBER_OBJECT_CONVERSION = YES_AGGRESSIVE;
				CLANG_CXX_LANGUAGE_STANDARD = "gnu++14";
				CLANG_CXX_LIBRARY = "libc++";
				CLANG_ENABLE_MODULES = YES;
				CLANG_ENABLE_OBJC_ARC = YES;
				CLANG_ENABLE_OBJC_WEAK = YES;
				CLANG_WARN_BLOCK_CAPTURE_AUTORELEASING = YES;
				CLANG_WARN_BOOL_CONVERSION = YES;
				CLANG_WARN_COMMA = YES;
				CLANG_WARN_CONSTANT_CONVERSION = YES;
				CLANG_WARN_DEPRECATED_OBJC_IMPLEMENTATIONS = YES;
				CLANG_WARN_DIRECT_OBJC_ISA_USAGE = YES_ERROR;
				CLANG_WARN_DOCUMENTATION_COMMENTS = YES;
				CLANG_WARN_EMPTY_BODY = YES;
				CLANG_WARN_ENUM_CONVERSION = YES;
				CLANG_WARN_INFINITE_RECURSION = YES;
				CLANG_WARN_INT_CONVERSION = YES;
				CLANG_WARN_NON_LITERAL_NULL_CONVERSION = YES;
				CLANG_WARN_OBJC_IMPLICIT_RETAIN_SELF = YES;
				CLANG_WARN_OBJC_LITERAL_CONVERSION = YES;
				CLANG_WARN_OBJC_ROOT_CLASS = YES_ERROR;
				CLANG_WARN_QUOTED_INCLUDE_IN_FRAMEWORK_HEADER = YES;
				CLANG_WARN_RANGE_LOOP_ANALYSIS = YES;
				CLANG_WARN_STRICT_PROTOTYPES = YES;
				CLANG_WARN_SUSPICIOUS_MOVE = YES;
				CLANG_WARN_UNGUARDED_AVAILABILITY = YES_AGGRESSIVE;
				CLANG_WARN_UNREACHABLE_CODE = YES;
				CLANG_WARN__DUPLICATE_METHOD_MATCH = YES;
				COPY_PHASE_STRIP = NO;
				DEBUG_INFORMATION_FORMAT = "dwarf-with-dsym";
				ENABLE_NS_ASSERTIONS = NO;
				ENABLE_STRICT_OBJC_MSGSEND = YES;
				GCC_C_LANGUAGE_STANDARD = gnu11;
				GCC_NO_COMMON_BLOCKS = YES;
				GCC_WARN_64_TO_32_BIT_CONVERSION = YES;
				GCC_WARN_ABOUT_RETURN_TYPE = YES_ERROR;
				GCC_WARN_UNDECLARED_SELECTOR = YES;
				GCC_WARN_UNINITIALIZED_AUTOS = YES_AGGRESSIVE;
				GCC_WARN_UNUSED_FUNCTION = YES;
				GCC_WARN_UNUSED_VARIABLE = YES;
				IPHONEOS_DEPLOYMENT_TARGET = 14.5;
				MTL_ENABLE_DEBUG_INFO = NO;
				MTL_FAST_MATH = YES;
				SDKROOT = iphoneos;
				SWIFT_COMPILATION_MODE = wholemodule;
				SWIFT_OPTIMIZATION_LEVEL = "-O";
				VALIDATE_PRODUCT = YES;
			};
			name = Release;
		};
		12EBB30B270DE4330009579C /* Debug */ = {
			isa = XCBuildConfiguration;
			buildSettings = {
				ASSETCATALOG_COMPILER_APPICON_NAME = AppIcon;
				ASSETCATALOG_COMPILER_GLOBAL_ACCENT_COLOR_NAME = AccentColor;
				CODE_SIGN_STYLE = Automatic;
				DEVELOPMENT_ASSET_PATHS = "\"Oqloq/Preview Content\"";
				DEVELOPMENT_TEAM = RPQ3VF2JBZ;
				ENABLE_PREVIEWS = YES;
				INFOPLIST_FILE = Oqloq/Info.plist;
				IPHONEOS_DEPLOYMENT_TARGET = 14.0;
				LD_RUNPATH_SEARCH_PATHS = (
					"$(inherited)",
					"@executable_path/Frameworks",
				);
				PRODUCT_BUNDLE_IDENTIFIER = com.mfsaglam.Oqloq;
				PRODUCT_NAME = "$(TARGET_NAME)";
				SWIFT_VERSION = 5.0;
				TARGETED_DEVICE_FAMILY = "1,2";
			};
			name = Debug;
		};
		12EBB30C270DE4330009579C /* Release */ = {
			isa = XCBuildConfiguration;
			buildSettings = {
				ASSETCATALOG_COMPILER_APPICON_NAME = AppIcon;
				ASSETCATALOG_COMPILER_GLOBAL_ACCENT_COLOR_NAME = AccentColor;
				CODE_SIGN_STYLE = Automatic;
				DEVELOPMENT_ASSET_PATHS = "\"Oqloq/Preview Content\"";
				DEVELOPMENT_TEAM = RPQ3VF2JBZ;
				ENABLE_PREVIEWS = YES;
				INFOPLIST_FILE = Oqloq/Info.plist;
				IPHONEOS_DEPLOYMENT_TARGET = 14.0;
				LD_RUNPATH_SEARCH_PATHS = (
					"$(inherited)",
					"@executable_path/Frameworks",
				);
				PRODUCT_BUNDLE_IDENTIFIER = com.mfsaglam.Oqloq;
				PRODUCT_NAME = "$(TARGET_NAME)";
				SWIFT_VERSION = 5.0;
				TARGETED_DEVICE_FAMILY = "1,2";
			};
			name = Release;
		};
/* End XCBuildConfiguration section */

/* Begin XCConfigurationList section */
		12EBB2F6270DE4320009579C /* Build configuration list for PBXProject "Oqloq" */ = {
			isa = XCConfigurationList;
			buildConfigurations = (
				12EBB308270DE4330009579C /* Debug */,
				12EBB309270DE4330009579C /* Release */,
			);
			defaultConfigurationIsVisible = 0;
			defaultConfigurationName = Release;
		};
		12EBB30A270DE4330009579C /* Build configuration list for PBXNativeTarget "Oqloq" */ = {
			isa = XCConfigurationList;
			buildConfigurations = (
				12EBB30B270DE4330009579C /* Debug */,
				12EBB30C270DE4330009579C /* Release */,
			);
			defaultConfigurationIsVisible = 0;
			defaultConfigurationName = Release;
		};
/* End XCConfigurationList section */
	};
	rootObject = 12EBB2F3270DE4320009579C /* Project object */;
}
